
Microsoft Visual Studio Solution File, Format Version 12.00
# Visual Studio Version 17
VisualStudioVersion = 17.0.31903.59
MinimumVisualStudioVersion = 10.0.40219.1
Project("{FAE04EC0-301F-11D3-BF4B-00C04F79EFBC}") = "RapidOrder.Core", "RapidOrder.Core\RapidOrder.Core.csproj", "{9E6A2D60-7F13-4232-BD18-1E50651428F0}"
EndProject
Project("{FAE04EC0-301F-11D3-BF4B-00C04F79EFBC}") = "RapidOrder.Infrastructure", "RapidOrder.Infrastructure\RapidOrder.Infrastructure.csproj", "{205F4B36-50AD-4DAD-B8BA-F1A94CD1A4CD}"
EndProject
Project("{FAE04EC0-301F-11D3-BF4B-00C04F79EFBC}") = "RapidOrder.Api", "RapidOrder.Api\RapidOrder.Api.csproj", "{45691839-B81C-4A8D-8684-80542FEFB9FD}"
EndProject
Global
	GlobalSection(SolutionConfigurationPlatforms) = preSolution
		Debug|Any CPU = Debug|Any CPU
		Debug|x64 = Debug|x64
		Debug|x86 = Debug|x86
		Release|Any CPU = Release|Any CPU
		Release|x64 = Release|x64
		Release|x86 = Release|x86
	EndGlobalSection
	GlobalSection(ProjectConfigurationPlatforms) = postSolution
		{9E6A2D60-7F13-4232-BD18-1E50651428F0}.Debug|Any CPU.ActiveCfg = Debug|Any CPU
		{9E6A2D60-7F13-4232-BD18-1E50651428F0}.Debug|Any CPU.Build.0 = Debug|Any CPU
		{9E6A2D60-7F13-4232-BD18-1E50651428F0}.Debug|x64.ActiveCfg = Debug|Any CPU
		{9E6A2D60-7F13-4232-BD18-1E50651428F0}.Debug|x64.Build.0 = Debug|Any CPU
		{9E6A2D60-7F13-4232-BD18-1E50651428F0}.Debug|x86.ActiveCfg = Debug|Any CPU
		{9E6A2D60-7F13-4232-BD18-1E50651428F0}.Debug|x86.Build.0 = Debug|Any CPU
		{9E6A2D60-7F13-4232-BD18-1E50651428F0}.Release|Any CPU.ActiveCfg = Release|Any CPU
		{9E6A2D60-7F13-4232-BD18-1E50651428F0}.Release|Any CPU.Build.0 = Release|Any CPU
		{9E6A2D60-7F13-4232-BD18-1E50651428F0}.Release|x64.ActiveCfg = Release|Any CPU
		{9E6A2D60-7F13-4232-BD18-1E50651428F0}.Release|x64.Build.0 = Release|Any CPU
		{9E6A2D60-7F13-4232-BD18-1E50651428F0}.Release|x86.ActiveCfg = Release|Any CPU
		{9E6A2D60-7F13-4232-BD18-1E50651428F0}.Release|x86.Build.0 = Release|Any CPU
		{205F4B36-50AD-4DAD-B8BA-F1A94CD1A4CD}.Debug|Any CPU.ActiveCfg = Debug|Any CPU
		{205F4B36-50AD-4DAD-B8BA-F1A94CD1A4CD}.Debug|Any CPU.Build.0 = Debug|Any CPU
		{205F4B36-50AD-4DAD-B8BA-F1A94CD1A4CD}.Debug|x64.ActiveCfg = Debug|Any CPU
		{205F4B36-50AD-4DAD-B8BA-F1A94CD1A4CD}.Debug|x64.Build.0 = Debug|Any CPU
		{205F4B36-50AD-4DAD-B8BA-F1A94CD1A4CD}.Debug|x86.ActiveCfg = Debug|Any CPU
		{205F4B36-50AD-4DAD-B8BA-F1A94CD1A4CD}.Debug|x86.Build.0 = Debug|Any CPU
		{205F4B36-50AD-4DAD-B8BA-F1A94CD1A4CD}.Release|Any CPU.ActiveCfg = Release|Any CPU
		{205F4B36-50AD-4DAD-B8BA-F1A94CD1A4CD}.Release|Any CPU.Build.0 = Release|Any CPU
		{205F4B36-50AD-4DAD-B8BA-F1A94CD1A4CD}.Release|x64.ActiveCfg = Release|Any CPU
		{205F4B36-50AD-4DAD-B8BA-F1A94CD1A4CD}.Release|x64.Build.0 = Release|Any CPU
		{205F4B36-50AD-4DAD-B8BA-F1A94CD1A4CD}.Release|x86.ActiveCfg = Release|Any CPU
		{205F4B36-50AD-4DAD-B8BA-F1A94CD1A4CD}.Release|x86.Build.0 = Release|Any CPU
		{45691839-B81C-4A8D-8684-80542FEFB9FD}.Debug|Any CPU.ActiveCfg = Debug|Any CPU
		{45691839-B81C-4A8D-8684-80542FEFB9FD}.Debug|Any CPU.Build.0 = Debug|Any CPU
		{45691839-B81C-4A8D-8684-80542FEFB9FD}.Debug|x64.ActiveCfg = Debug|Any CPU
		{45691839-B81C-4A8D-8684-80542FEFB9FD}.Debug|x64.Build.0 = Debug|Any CPU
		{45691839-B81C-4A8D-8684-80542FEFB9FD}.Debug|x86.ActiveCfg = Debug|Any CPU
		{45691839-B81C-4A8D-8684-80542FEFB9FD}.Debug|x86.Build.0 = Debug|Any CPU
		{45691839-B81C-4A8D-8684-80542FEFB9FD}.Release|Any CPU.ActiveCfg = Release|Any CPU
		{45691839-B81C-4A8D-8684-80542FEFB9FD}.Release|Any CPU.Build.0 = Release|Any CPU
		{45691839-B81C-4A8D-8684-80542FEFB9FD}.Release|x64.ActiveCfg = Release|Any CPU
		{45691839-B81C-4A8D-8684-80542FEFB9FD}.Release|x64.Build.0 = Release|Any CPU
		{45691839-B81C-4A8D-8684-80542FEFB9FD}.Release|x86.ActiveCfg = Release|Any CPU
		{45691839-B81C-4A8D-8684-80542FEFB9FD}.Release|x86.Build.0 = Release|Any CPU
	EndGlobalSection
	GlobalSection(SolutionProperties) = preSolution
		HideSolutionNode = FALSE
	EndGlobalSection
EndGlobal
